
Microsoft Visual Studio Solution File, Format Version 12.00
# Visual Studio Version 16
VisualStudioVersion = 16.0.30413.136
MinimumVisualStudioVersion = 10.0.40219.1
Project("{FAE04EC0-301F-11D3-BF4B-00C04F79EFBC}") = "Web_DuLichVietNam", "Web_DuLichVietNam\Web_DuLichVietNam.csproj", "{BAF42A4F-8EF9-4F47-88DA-6AC7D71DEAA1}"
EndProject
Global
	GlobalSection(SolutionConfigurationPlatforms) = preSolution
		Debug|Any CPU = Debug|Any CPU
		Release|Any CPU = Release|Any CPU
	EndGlobalSection
	GlobalSection(ProjectConfigurationPlatforms) = postSolution
		{BAF42A4F-8EF9-4F47-88DA-6AC7D71DEAA1}.Debug|Any CPU.ActiveCfg = Debug|Any CPU
		{BAF42A4F-8EF9-4F47-88DA-6AC7D71DEAA1}.Debug|Any CPU.Build.0 = Debug|Any CPU
		{BAF42A4F-8EF9-4F47-88DA-6AC7D71DEAA1}.Release|Any CPU.ActiveCfg = Release|Any CPU
		{BAF42A4F-8EF9-4F47-88DA-6AC7D71DEAA1}.Release|Any CPU.Build.0 = Release|Any CPU
	EndGlobalSection
	GlobalSection(SolutionProperties) = preSolution
		HideSolutionNode = FALSE
	EndGlobalSection
	GlobalSection(ExtensibilityGlobals) = postSolution
		SolutionGuid = {0C0B02FE-9F61-4472-90DE-983F6378C9F2}
	EndGlobalSection
EndGlobal
